
Microsoft Visual Studio Solution File, Format Version 12.00
# Visual Studio Version 17
VisualStudioVersion = 17.4.33403.182
MinimumVisualStudioVersion = 10.0.40219.1
Project("{9A19103F-16F7-4668-BE54-9A1E7A4F7556}") = "StocksPro", "StocksPro.csproj", "{864D77E3-72C8-48DF-97B1-83B33425C015}"
EndProject
Project("{9A19103F-16F7-4668-BE54-9A1E7A4F7556}") = "Services", "..\Services\Services.csproj", "{52F19A91-1292-4D21-8E13-A331D57A757E}"
EndProject
Project("{9A19103F-16F7-4668-BE54-9A1E7A4F7556}") = "Entities", "..\Entities\Entities.csproj", "{4307AEB1-5CA6-4035-9807-153C08D34242}"
EndProject
Project("{9A19103F-16F7-4668-BE54-9A1E7A4F7556}") = "Tests", "..\Tests\Tests.csproj", "{881F65DC-15F7-4DAD-B0CA-36F1794AFD01}"
EndProject
Project("{9A19103F-16F7-4668-BE54-9A1E7A4F7556}") = "ServiceContracts", "..\ServiceContracts\ServiceContracts.csproj", "{2FD36320-F850-4E97-992C-2B2106CB706E}"
EndProject
Global
	GlobalSection(SolutionConfigurationPlatforms) = preSolution
		Debug|Any CPU = Debug|Any CPU
		Release|Any CPU = Release|Any CPU
	EndGlobalSection
	GlobalSection(ProjectConfigurationPlatforms) = postSolution
		{864D77E3-72C8-48DF-97B1-83B33425C015}.Debug|Any CPU.ActiveCfg = Debug|Any CPU
		{864D77E3-72C8-48DF-97B1-83B33425C015}.Debug|Any CPU.Build.0 = Debug|Any CPU
		{864D77E3-72C8-48DF-97B1-83B33425C015}.Release|Any CPU.ActiveCfg = Release|Any CPU
		{864D77E3-72C8-48DF-97B1-83B33425C015}.Release|Any CPU.Build.0 = Release|Any CPU
		{52F19A91-1292-4D21-8E13-A331D57A757E}.Debug|Any CPU.ActiveCfg = Debug|Any CPU
		{52F19A91-1292-4D21-8E13-A331D57A757E}.Debug|Any CPU.Build.0 = Debug|Any CPU
		{52F19A91-1292-4D21-8E13-A331D57A757E}.Release|Any CPU.ActiveCfg = Release|Any CPU
		{52F19A91-1292-4D21-8E13-A331D57A757E}.Release|Any CPU.Build.0 = Release|Any CPU
		{4307AEB1-5CA6-4035-9807-153C08D34242}.Debug|Any CPU.ActiveCfg = Debug|Any CPU
		{4307AEB1-5CA6-4035-9807-153C08D34242}.Debug|Any CPU.Build.0 = Debug|Any CPU
		{4307AEB1-5CA6-4035-9807-153C08D34242}.Release|Any CPU.ActiveCfg = Release|Any CPU
		{4307AEB1-5CA6-4035-9807-153C08D34242}.Release|Any CPU.Build.0 = Release|Any CPU
		{881F65DC-15F7-4DAD-B0CA-36F1794AFD01}.Debug|Any CPU.ActiveCfg = Debug|Any CPU
		{881F65DC-15F7-4DAD-B0CA-36F1794AFD01}.Debug|Any CPU.Build.0 = Debug|Any CPU
		{881F65DC-15F7-4DAD-B0CA-36F1794AFD01}.Release|Any CPU.ActiveCfg = Release|Any CPU
		{881F65DC-15F7-4DAD-B0CA-36F1794AFD01}.Release|Any CPU.Build.0 = Release|Any CPU
		{2FD36320-F850-4E97-992C-2B2106CB706E}.Debug|Any CPU.ActiveCfg = Debug|Any CPU
		{2FD36320-F850-4E97-992C-2B2106CB706E}.Debug|Any CPU.Build.0 = Debug|Any CPU
		{2FD36320-F850-4E97-992C-2B2106CB706E}.Release|Any CPU.ActiveCfg = Release|Any CPU
		{2FD36320-F850-4E97-992C-2B2106CB706E}.Release|Any CPU.Build.0 = Release|Any CPU
	EndGlobalSection
	GlobalSection(SolutionProperties) = preSolution
		HideSolutionNode = FALSE
	EndGlobalSection
	GlobalSection(ExtensibilityGlobals) = postSolution
		SolutionGuid = {F3BF7E7F-2A6A-45CB-AB32-4FCB145F89CD}
	EndGlobalSection
EndGlobal
